
Microsoft Visual Studio Solution File, Format Version 12.00
# Visual Studio 15
VisualStudioVersion = 15.0.28010.2026
MinimumVisualStudioVersion = 10.0.40219.1
Project("{9A19103F-16F7-4668-BE54-9A1E7A4F7556}") = "SimulationAPI.Listener", "SimulationAPI.Listener\SimulationAPI.Listener.csproj", "{1E02C2CF-C633-4C68-A3AB-3A66E5883820}"
EndProject
Global
	GlobalSection(SolutionConfigurationPlatforms) = preSolution
		Debug|Any CPU = Debug|Any CPU
		Release|Any CPU = Release|Any CPU
	EndGlobalSection
	GlobalSection(ProjectConfigurationPlatforms) = postSolution
		{1E02C2CF-C633-4C68-A3AB-3A66E5883820}.Debug|Any CPU.ActiveCfg = Debug|Any CPU
		{1E02C2CF-C633-4C68-A3AB-3A66E5883820}.Debug|Any CPU.Build.0 = Debug|Any CPU
		{1E02C2CF-C633-4C68-A3AB-3A66E5883820}.Release|Any CPU.ActiveCfg = Release|Any CPU
		{1E02C2CF-C633-4C68-A3AB-3A66E5883820}.Release|Any CPU.Build.0 = Release|Any CPU
	EndGlobalSection
	GlobalSection(SolutionProperties) = preSolution
		HideSolutionNode = FALSE
	EndGlobalSection
	GlobalSection(ExtensibilityGlobals) = postSolution
		SolutionGuid = {D056F99C-B607-4A22-A4B1-DCBA718FC0E9}
	EndGlobalSection
EndGlobal
